
Microsoft Visual Studio Solution File, Format Version 12.00
# Visual Studio Version 16
VisualStudioVersion = 16.0.32407.337
MinimumVisualStudioVersion = 10.0.40219.1
Project("{FAE04EC0-301F-11D3-BF4B-00C04F79EFBC}") = "task1", "task1\task1.csproj", "{8CA635F6-9235-44A0-BBC5-A49A6DC92EEB}"
EndProject
Project("{FAE04EC0-301F-11D3-BF4B-00C04F79EFBC}") = "task2 - Protokol8", "task2 - Protokol8\task2 - Protokol8.csproj", "{C399AF3A-FDAE-4D77-8D7A-A47C1E651655}"
EndProject
Global
	GlobalSection(SolutionConfigurationPlatforms) = preSolution
		Debug|Any CPU = Debug|Any CPU
		Release|Any CPU = Release|Any CPU
	EndGlobalSection
	GlobalSection(ProjectConfigurationPlatforms) = postSolution
		{8CA635F6-9235-44A0-BBC5-A49A6DC92EEB}.Debug|Any CPU.ActiveCfg = Debug|Any CPU
		{8CA635F6-9235-44A0-BBC5-A49A6DC92EEB}.Debug|Any CPU.Build.0 = Debug|Any CPU
		{8CA635F6-9235-44A0-BBC5-A49A6DC92EEB}.Release|Any CPU.ActiveCfg = Release|Any CPU
		{8CA635F6-9235-44A0-BBC5-A49A6DC92EEB}.Release|Any CPU.Build.0 = Release|Any CPU
		{C399AF3A-FDAE-4D77-8D7A-A47C1E651655}.Debug|Any CPU.ActiveCfg = Debug|Any CPU
		{C399AF3A-FDAE-4D77-8D7A-A47C1E651655}.Debug|Any CPU.Build.0 = Debug|Any CPU
		{C399AF3A-FDAE-4D77-8D7A-A47C1E651655}.Release|Any CPU.ActiveCfg = Release|Any CPU
		{C399AF3A-FDAE-4D77-8D7A-A47C1E651655}.Release|Any CPU.Build.0 = Release|Any CPU
	EndGlobalSection
	GlobalSection(SolutionProperties) = preSolution
		HideSolutionNode = FALSE
	EndGlobalSection
	GlobalSection(ExtensibilityGlobals) = postSolution
		SolutionGuid = {42D8FB27-C84A-4D89-B3FA-795635AF5F50}
	EndGlobalSection
EndGlobal
